
Microsoft Visual Studio Solution File, Format Version 12.00
# Visual Studio Version 17
VisualStudioVersion = 17.0.31903.59
MinimumVisualStudioVersion = 10.0.40219.1
Project("{FAE04EC0-301F-11D3-BF4B-00C04F79EFBC}") = "DevAldeir.AppCEP_Finder", "src\DevAldeir.AppCEP_Finder\DevAldeir.AppCEP_Finder.csproj", "{11490E43-E892-4FC0-9D91-043D55EDC077}"
EndProject
Global
	GlobalSection(SolutionConfigurationPlatforms) = preSolution
		Debug|Any CPU = Debug|Any CPU
		Release|Any CPU = Release|Any CPU
	EndGlobalSection
	GlobalSection(ProjectConfigurationPlatforms) = postSolution
		{11490E43-E892-4FC0-9D91-043D55EDC077}.Debug|Any CPU.ActiveCfg = Debug|Any CPU
		{11490E43-E892-4FC0-9D91-043D55EDC077}.Debug|Any CPU.Build.0 = Debug|Any CPU
		{11490E43-E892-4FC0-9D91-043D55EDC077}.Release|Any CPU.ActiveCfg = Release|Any CPU
		{11490E43-E892-4FC0-9D91-043D55EDC077}.Release|Any CPU.Build.0 = Release|Any CPU
	EndGlobalSection
	GlobalSection(SolutionProperties) = preSolution
		HideSolutionNode = FALSE
	EndGlobalSection
	GlobalSection(ExtensibilityGlobals) = postSolution
		SolutionGuid = {F7F59C66-0C87-4FE0-8A7D-3CAC5E9B8113}
	EndGlobalSection
EndGlobal
